
Microsoft Visual Studio Solution File, Format Version 12.00
# Visual Studio Version 16
VisualStudioVersion = 16.0.30320.27
MinimumVisualStudioVersion = 10.0.40219.1
Project("{FAE04EC0-301F-11D3-BF4B-00C04F79EFBC}") = "TodoAPI", "TodoAPI.csproj", "{8BFBFCE2-6D9B-438F-B84B-E492D37B4BB7}"
EndProject
Project("{FAE04EC0-301F-11D3-BF4B-00C04F79EFBC}") = "tda.core", "..\tda.core\tda.core.csproj", "{74C7CE70-7BD9-40E6-AE67-C986CB75104F}"
EndProject
Project("{FAE04EC0-301F-11D3-BF4B-00C04F79EFBC}") = "tda.entity", "..\tda.entity\tda.entity.csproj", "{3236205F-2C01-468C-8D56-3F2BFB3E3546}"
EndProject
Project("{FAE04EC0-301F-11D3-BF4B-00C04F79EFBC}") = "tda.data", "..\tda.data\tda.data.csproj", "{AF12B7D9-FF6A-4AC5-8D78-C396064002A2}"
EndProject
Global
	GlobalSection(SolutionConfigurationPlatforms) = preSolution
		Debug|Any CPU = Debug|Any CPU
		Release|Any CPU = Release|Any CPU
	EndGlobalSection
	GlobalSection(ProjectConfigurationPlatforms) = postSolution
		{8BFBFCE2-6D9B-438F-B84B-E492D37B4BB7}.Debug|Any CPU.ActiveCfg = Debug|Any CPU
		{8BFBFCE2-6D9B-438F-B84B-E492D37B4BB7}.Debug|Any CPU.Build.0 = Debug|Any CPU
		{8BFBFCE2-6D9B-438F-B84B-E492D37B4BB7}.Release|Any CPU.ActiveCfg = Release|Any CPU
		{8BFBFCE2-6D9B-438F-B84B-E492D37B4BB7}.Release|Any CPU.Build.0 = Release|Any CPU
		{74C7CE70-7BD9-40E6-AE67-C986CB75104F}.Debug|Any CPU.ActiveCfg = Debug|Any CPU
		{74C7CE70-7BD9-40E6-AE67-C986CB75104F}.Debug|Any CPU.Build.0 = Debug|Any CPU
		{74C7CE70-7BD9-40E6-AE67-C986CB75104F}.Release|Any CPU.ActiveCfg = Release|Any CPU
		{74C7CE70-7BD9-40E6-AE67-C986CB75104F}.Release|Any CPU.Build.0 = Release|Any CPU
		{3236205F-2C01-468C-8D56-3F2BFB3E3546}.Debug|Any CPU.ActiveCfg = Debug|Any CPU
		{3236205F-2C01-468C-8D56-3F2BFB3E3546}.Debug|Any CPU.Build.0 = Debug|Any CPU
		{3236205F-2C01-468C-8D56-3F2BFB3E3546}.Release|Any CPU.ActiveCfg = Release|Any CPU
		{3236205F-2C01-468C-8D56-3F2BFB3E3546}.Release|Any CPU.Build.0 = Release|Any CPU
		{AF12B7D9-FF6A-4AC5-8D78-C396064002A2}.Debug|Any CPU.ActiveCfg = Debug|Any CPU
		{AF12B7D9-FF6A-4AC5-8D78-C396064002A2}.Debug|Any CPU.Build.0 = Debug|Any CPU
		{AF12B7D9-FF6A-4AC5-8D78-C396064002A2}.Release|Any CPU.ActiveCfg = Release|Any CPU
		{AF12B7D9-FF6A-4AC5-8D78-C396064002A2}.Release|Any CPU.Build.0 = Release|Any CPU
	EndGlobalSection
	GlobalSection(SolutionProperties) = preSolution
		HideSolutionNode = FALSE
	EndGlobalSection
	GlobalSection(ExtensibilityGlobals) = postSolution
		SolutionGuid = {2DB8195D-2192-48F3-A5CB-37608D2739F1}
	EndGlobalSection
EndGlobal
